
Microsoft Visual Studio Solution File, Format Version 12.00
# Visual Studio Version 17
VisualStudioVersion = 17.2.32630.192
MinimumVisualStudioVersion = 10.0.40219.1
Project("{FAE04EC0-301F-11D3-BF4B-00C04F79EFBC}") = "Homework070822", "Homework070822\Homework070822.csproj", "{F37CE3C2-6CBF-45FA-B053-59D00E13C4EF}"
EndProject
Global
	GlobalSection(SolutionConfigurationPlatforms) = preSolution
		Debug|Any CPU = Debug|Any CPU
		Release|Any CPU = Release|Any CPU
	EndGlobalSection
	GlobalSection(ProjectConfigurationPlatforms) = postSolution
		{F37CE3C2-6CBF-45FA-B053-59D00E13C4EF}.Debug|Any CPU.ActiveCfg = Debug|Any CPU
		{F37CE3C2-6CBF-45FA-B053-59D00E13C4EF}.Debug|Any CPU.Build.0 = Debug|Any CPU
		{F37CE3C2-6CBF-45FA-B053-59D00E13C4EF}.Release|Any CPU.ActiveCfg = Release|Any CPU
		{F37CE3C2-6CBF-45FA-B053-59D00E13C4EF}.Release|Any CPU.Build.0 = Release|Any CPU
	EndGlobalSection
	GlobalSection(SolutionProperties) = preSolution
		HideSolutionNode = FALSE
	EndGlobalSection
	GlobalSection(ExtensibilityGlobals) = postSolution
		SolutionGuid = {354D9C3D-83CA-432D-A582-295231359C47}
	EndGlobalSection
EndGlobal
